
Microsoft Visual Studio Solution File, Format Version 12.00
Project("{FAE04EC0-301F-11D3-BF4B-00C04F79EFBC}") = "Task_2", "Task_2\Task_2.csproj", "{F258D8A9-95E7-41B4-94EF-99300714EE7C}"
EndProject
Global
	GlobalSection(SolutionConfigurationPlatforms) = preSolution
		Debug|Any CPU = Debug|Any CPU
		Release|Any CPU = Release|Any CPU
	EndGlobalSection
	GlobalSection(ProjectConfigurationPlatforms) = postSolution
		{F258D8A9-95E7-41B4-94EF-99300714EE7C}.Debug|Any CPU.ActiveCfg = Debug|Any CPU
		{F258D8A9-95E7-41B4-94EF-99300714EE7C}.Debug|Any CPU.Build.0 = Debug|Any CPU
		{F258D8A9-95E7-41B4-94EF-99300714EE7C}.Release|Any CPU.ActiveCfg = Release|Any CPU
		{F258D8A9-95E7-41B4-94EF-99300714EE7C}.Release|Any CPU.Build.0 = Release|Any CPU
	EndGlobalSection
EndGlobal
