
Microsoft Visual Studio Solution File, Format Version 12.00
Project("{FAE04EC0-301F-11D3-BF4B-00C04F79EFBC}") = "Task_1_fix", "Task_1_fix\Task_1_fix.csproj", "{5051C2BC-81B2-4F55-A17D-BCDEC8131378}"
EndProject
Global
	GlobalSection(SolutionConfigurationPlatforms) = preSolution
		Debug|Any CPU = Debug|Any CPU
		Release|Any CPU = Release|Any CPU
	EndGlobalSection
	GlobalSection(ProjectConfigurationPlatforms) = postSolution
		{5051C2BC-81B2-4F55-A17D-BCDEC8131378}.Debug|Any CPU.ActiveCfg = Debug|Any CPU
		{5051C2BC-81B2-4F55-A17D-BCDEC8131378}.Debug|Any CPU.Build.0 = Debug|Any CPU
		{5051C2BC-81B2-4F55-A17D-BCDEC8131378}.Release|Any CPU.ActiveCfg = Release|Any CPU
		{5051C2BC-81B2-4F55-A17D-BCDEC8131378}.Release|Any CPU.Build.0 = Release|Any CPU
	EndGlobalSection
EndGlobal
